
Microsoft Visual Studio Solution File, Format Version 12.00
# Visual Studio 15
VisualStudioVersion = 15.0.28307.329
MinimumVisualStudioVersion = 10.0.40219.1
Project("{FAE04EC0-301F-11D3-BF4B-00C04F79EFBC}") = "AdherentTests", "AdherentTests\AdherentTests.csproj", "{6577F019-5CAB-4E67-8FBB-F87D76603E40}"
EndProject
Project("{FAE04EC0-301F-11D3-BF4B-00C04F79EFBC}") = "AdherentShear", "Adherent\AdherentShear.csproj", "{07056EF4-B8CA-47E6-A9A9-1BE6BFDEA373}"
EndProject
Global
	GlobalSection(SolutionConfigurationPlatforms) = preSolution
		Debug|x86 = Debug|x86
		Release|x86 = Release|x86
	EndGlobalSection
	GlobalSection(ProjectConfigurationPlatforms) = postSolution
		{6577F019-5CAB-4E67-8FBB-F87D76603E40}.Debug|x86.ActiveCfg = Debug|x86
		{6577F019-5CAB-4E67-8FBB-F87D76603E40}.Debug|x86.Build.0 = Debug|x86
		{6577F019-5CAB-4E67-8FBB-F87D76603E40}.Release|x86.ActiveCfg = Release|x86
		{6577F019-5CAB-4E67-8FBB-F87D76603E40}.Release|x86.Build.0 = Release|x86
		{07056EF4-B8CA-47E6-A9A9-1BE6BFDEA373}.Debug|x86.ActiveCfg = Debug|x86
		{07056EF4-B8CA-47E6-A9A9-1BE6BFDEA373}.Debug|x86.Build.0 = Debug|x86
		{07056EF4-B8CA-47E6-A9A9-1BE6BFDEA373}.Release|x86.ActiveCfg = Release|x86
		{07056EF4-B8CA-47E6-A9A9-1BE6BFDEA373}.Release|x86.Build.0 = Release|x86
	EndGlobalSection
	GlobalSection(SolutionProperties) = preSolution
		HideSolutionNode = FALSE
	EndGlobalSection
	GlobalSection(ExtensibilityGlobals) = postSolution
		SolutionGuid = {C4ED6E92-82F9-4819-92D1-4C6F4AF68913}
	EndGlobalSection
EndGlobal
